
Microsoft Visual Studio Solution File, Format Version 12.00
# Visual Studio Version 17
VisualStudioVersion = 17.11.35327.3
MinimumVisualStudioVersion = 10.0.40219.1
Project("{FAE04EC0-301F-11D3-BF4B-00C04F79EFBC}") = "MYFirstProject", "MYFirstProject\MYFirstProject.csproj", "{F825C2B3-F304-4031-8896-C6DC0AB28D8D}"
EndProject
Global
	GlobalSection(SolutionConfigurationPlatforms) = preSolution
		Debug|Any CPU = Debug|Any CPU
		Release|Any CPU = Release|Any CPU
	EndGlobalSection
	GlobalSection(ProjectConfigurationPlatforms) = postSolution
		{F825C2B3-F304-4031-8896-C6DC0AB28D8D}.Debug|Any CPU.ActiveCfg = Debug|Any CPU
		{F825C2B3-F304-4031-8896-C6DC0AB28D8D}.Debug|Any CPU.Build.0 = Debug|Any CPU
		{F825C2B3-F304-4031-8896-C6DC0AB28D8D}.Release|Any CPU.ActiveCfg = Release|Any CPU
		{F825C2B3-F304-4031-8896-C6DC0AB28D8D}.Release|Any CPU.Build.0 = Release|Any CPU
	EndGlobalSection
	GlobalSection(SolutionProperties) = preSolution
		HideSolutionNode = FALSE
	EndGlobalSection
	GlobalSection(ExtensibilityGlobals) = postSolution
		SolutionGuid = {CEE37198-4976-4004-8F56-A4F358F3E191}
	EndGlobalSection
EndGlobal
