
Microsoft Visual Studio Solution File, Format Version 12.00
# Visual Studio Version 17
VisualStudioVersion = 17.11.35327.3
MinimumVisualStudioVersion = 10.0.40219.1
Project("{FAE04EC0-301F-11D3-BF4B-00C04F79EFBC}") = "additemform", "additemform\additemform.csproj", "{BABACE86-0138-4D77-8F11-B9365BA8EB58}"
EndProject
Global
	GlobalSection(SolutionConfigurationPlatforms) = preSolution
		Debug|Any CPU = Debug|Any CPU
		Release|Any CPU = Release|Any CPU
	EndGlobalSection
	GlobalSection(ProjectConfigurationPlatforms) = postSolution
		{BABACE86-0138-4D77-8F11-B9365BA8EB58}.Debug|Any CPU.ActiveCfg = Debug|Any CPU
		{BABACE86-0138-4D77-8F11-B9365BA8EB58}.Debug|Any CPU.Build.0 = Debug|Any CPU
		{BABACE86-0138-4D77-8F11-B9365BA8EB58}.Release|Any CPU.ActiveCfg = Release|Any CPU
		{BABACE86-0138-4D77-8F11-B9365BA8EB58}.Release|Any CPU.Build.0 = Release|Any CPU
	EndGlobalSection
	GlobalSection(SolutionProperties) = preSolution
		HideSolutionNode = FALSE
	EndGlobalSection
	GlobalSection(ExtensibilityGlobals) = postSolution
		SolutionGuid = {D13205F2-8A1A-48BF-9605-18156D929771}
	EndGlobalSection
EndGlobal
